
Microsoft Visual Studio Solution File, Format Version 12.00
# Visual Studio Version 17
VisualStudioVersion = 17.9.34607.119
MinimumVisualStudioVersion = 10.0.40219.1
Project("{FAE04EC0-301F-11D3-BF4B-00C04F79EFBC}") = "OrderService", "OrderService\OrderService.csproj", "{8B81B53F-857B-42A6-ABD5-07AFB45FC0F2}"
EndProject
Project("{2150E333-8FDC-42A3-9474-1A3956D46DE8}") = "Solution Items", "Solution Items", "{FA1935DC-92E0-444B-8220-7DA9FB23B2C7}"
	ProjectSection(SolutionItems) = preProject
		.editorconfig = .editorconfig
		Directory.Packages.props = Directory.Packages.props
		docker-compose.yml = docker-compose.yml
	EndProjectSection
EndProject
Project("{FAE04EC0-301F-11D3-BF4B-00C04F79EFBC}") = "ShippingService", "ShippingService\ShippingService.csproj", "{208A3CD6-1F85-424D-9438-8A58BCB14CD0}"
EndProject
Global
	GlobalSection(SolutionConfigurationPlatforms) = preSolution
		Debug|Any CPU = Debug|Any CPU
		Release|Any CPU = Release|Any CPU
	EndGlobalSection
	GlobalSection(ProjectConfigurationPlatforms) = postSolution
		{8B81B53F-857B-42A6-ABD5-07AFB45FC0F2}.Debug|Any CPU.ActiveCfg = Debug|Any CPU
		{8B81B53F-857B-42A6-ABD5-07AFB45FC0F2}.Debug|Any CPU.Build.0 = Debug|Any CPU
		{8B81B53F-857B-42A6-ABD5-07AFB45FC0F2}.Release|Any CPU.ActiveCfg = Release|Any CPU
		{8B81B53F-857B-42A6-ABD5-07AFB45FC0F2}.Release|Any CPU.Build.0 = Release|Any CPU
		{208A3CD6-1F85-424D-9438-8A58BCB14CD0}.Debug|Any CPU.ActiveCfg = Debug|Any CPU
		{208A3CD6-1F85-424D-9438-8A58BCB14CD0}.Debug|Any CPU.Build.0 = Debug|Any CPU
		{208A3CD6-1F85-424D-9438-8A58BCB14CD0}.Release|Any CPU.ActiveCfg = Release|Any CPU
		{208A3CD6-1F85-424D-9438-8A58BCB14CD0}.Release|Any CPU.Build.0 = Release|Any CPU
	EndGlobalSection
	GlobalSection(SolutionProperties) = preSolution
		HideSolutionNode = FALSE
	EndGlobalSection
	GlobalSection(ExtensibilityGlobals) = postSolution
		SolutionGuid = {DB8A7FF8-0818-4D4F-881B-69F9A131300B}
	EndGlobalSection
EndGlobal
